<Solution>
  <Folder Name="/samples/">
    <Project Path="samples/Sample.FullFlow/Sample.FullFlow.csproj" />
    <Project Path="samples/Sample.MinimalApi/Sample.MinimalApi.csproj" />
  </Folder>
  <Folder Name="/src/">
    <Project Path="src/Yarp.AiGateway.Abstractions/Yarp.AiGateway.Abstractions.csproj" />
    <Project Path="src/Yarp.AiGateway.Core/Yarp.AiGateway.Core.csproj" />
    <Project Path="src/Yarp.AiGateway.Guardrails/Yarp.AiGateway.Guardrails.csproj" />
    <Project Path="src/Yarp.AiGateway.Providers.AzureOpenAI/Yarp.AiGateway.Providers.AzureOpenAI.csproj" />
    <Project Path="src/Yarp.AiGateway.Providers.Ollama/Yarp.AiGateway.Providers.Ollama.csproj" />
    <Project Path="src/Yarp.AiGateway.Providers.OpenAI/Yarp.AiGateway.Providers.OpenAI.csproj" />
  </Folder>
  <Folder Name="/tests/">
    <Project Path="tests/Yarp.AiGateway.Core.Tests/Yarp.AiGateway.Core.Tests.csproj" />
    <Project Path="tests/Yarp.AiGateway.Guardrails.Tests/Yarp.AiGateway.Guardrails.Tests.csproj" />
    <Project Path="tests/Yarp.AiGateway.IntegrationTests/Yarp.AiGateway.IntegrationTests.csproj" />
  </Folder>
</Solution>
